
Microsoft Visual Studio Solution File, Format Version 12.00
# Visual Studio Version 17
VisualStudioVersion = 17.10.35122.118
MinimumVisualStudioVersion = 10.0.40219.1
Project("{9A19103F-16F7-4668-BE54-9A1E7A4F7556}") = "Presentation", "src\Presentation\Presentation.csproj", "{4CD454CB-BE03-4395-B27D-4FDF08076D5B}"
EndProject
Project("{9A19103F-16F7-4668-BE54-9A1E7A4F7556}") = "Presentation.Tests", "tests\Presentation.Tests\Presentation.Tests.csproj", "{F5AEF276-195B-49FC-9DA4-4AD9E717DEA2}"
EndProject
Project("{9A19103F-16F7-4668-BE54-9A1E7A4F7556}") = "Infrastructure", "src\Infrastructure\Infrastructure.csproj", "{804B3324-426C-4D94-8449-EA05A1E8E21C}"
EndProject
Project("{9A19103F-16F7-4668-BE54-9A1E7A4F7556}") = "Domain", "src\Domain\Domain.csproj", "{BAB749E5-7CF1-4524-AEFC-D54FDE91AC2B}"
EndProject
Project("{9A19103F-16F7-4668-BE54-9A1E7A4F7556}") = "Application", "src\Application\Application.csproj", "{A2D904CF-4051-4674-8470-250D89D3B5E5}"
EndProject
Project("{9A19103F-16F7-4668-BE54-9A1E7A4F7556}") = "Application.Tests", "tests\Application.Tests\Application.Tests.csproj", "{38AC9E2B-DA7A-4381-891F-9453E082870A}"
EndProject
Project("{9A19103F-16F7-4668-BE54-9A1E7A4F7556}") = "Shared", "src\Shared\Shared.csproj", "{ACF84444-01E2-4B24-BA98-46FB2332C3A3}"
EndProject
Project("{FAE04EC0-301F-11D3-BF4B-00C04F79EFBC}") = "Infrastructure.Tests", "tests\Infrastructure.Tests\Infrastructure.Tests.csproj", "{D3EB909E-C698-433F-ACB2-0E42A3EE72DF}"
EndProject
Global
	GlobalSection(SolutionConfigurationPlatforms) = preSolution
		Debug|Any CPU = Debug|Any CPU
		Release|Any CPU = Release|Any CPU
	EndGlobalSection
	GlobalSection(ProjectConfigurationPlatforms) = postSolution
		{4CD454CB-BE03-4395-B27D-4FDF08076D5B}.Debug|Any CPU.ActiveCfg = Debug|Any CPU
		{4CD454CB-BE03-4395-B27D-4FDF08076D5B}.Debug|Any CPU.Build.0 = Debug|Any CPU
		{4CD454CB-BE03-4395-B27D-4FDF08076D5B}.Release|Any CPU.ActiveCfg = Release|Any CPU
		{4CD454CB-BE03-4395-B27D-4FDF08076D5B}.Release|Any CPU.Build.0 = Release|Any CPU
		{F5AEF276-195B-49FC-9DA4-4AD9E717DEA2}.Debug|Any CPU.ActiveCfg = Debug|Any CPU
		{F5AEF276-195B-49FC-9DA4-4AD9E717DEA2}.Debug|Any CPU.Build.0 = Debug|Any CPU
		{F5AEF276-195B-49FC-9DA4-4AD9E717DEA2}.Release|Any CPU.ActiveCfg = Release|Any CPU
		{F5AEF276-195B-49FC-9DA4-4AD9E717DEA2}.Release|Any CPU.Build.0 = Release|Any CPU
		{804B3324-426C-4D94-8449-EA05A1E8E21C}.Debug|Any CPU.ActiveCfg = Debug|Any CPU
		{804B3324-426C-4D94-8449-EA05A1E8E21C}.Debug|Any CPU.Build.0 = Debug|Any CPU
		{804B3324-426C-4D94-8449-EA05A1E8E21C}.Release|Any CPU.ActiveCfg = Release|Any CPU
		{804B3324-426C-4D94-8449-EA05A1E8E21C}.Release|Any CPU.Build.0 = Release|Any CPU
		{BAB749E5-7CF1-4524-AEFC-D54FDE91AC2B}.Debug|Any CPU.ActiveCfg = Debug|Any CPU
		{BAB749E5-7CF1-4524-AEFC-D54FDE91AC2B}.Debug|Any CPU.Build.0 = Debug|Any CPU
		{BAB749E5-7CF1-4524-AEFC-D54FDE91AC2B}.Release|Any CPU.ActiveCfg = Release|Any CPU
		{BAB749E5-7CF1-4524-AEFC-D54FDE91AC2B}.Release|Any CPU.Build.0 = Release|Any CPU
		{A2D904CF-4051-4674-8470-250D89D3B5E5}.Debug|Any CPU.ActiveCfg = Debug|Any CPU
		{A2D904CF-4051-4674-8470-250D89D3B5E5}.Debug|Any CPU.Build.0 = Debug|Any CPU
		{A2D904CF-4051-4674-8470-250D89D3B5E5}.Release|Any CPU.ActiveCfg = Release|Any CPU
		{A2D904CF-4051-4674-8470-250D89D3B5E5}.Release|Any CPU.Build.0 = Release|Any CPU
		{38AC9E2B-DA7A-4381-891F-9453E082870A}.Debug|Any CPU.ActiveCfg = Debug|Any CPU
		{38AC9E2B-DA7A-4381-891F-9453E082870A}.Debug|Any CPU.Build.0 = Debug|Any CPU
		{38AC9E2B-DA7A-4381-891F-9453E082870A}.Release|Any CPU.ActiveCfg = Release|Any CPU
		{38AC9E2B-DA7A-4381-891F-9453E082870A}.Release|Any CPU.Build.0 = Release|Any CPU
		{ACF84444-01E2-4B24-BA98-46FB2332C3A3}.Debug|Any CPU.ActiveCfg = Debug|Any CPU
		{ACF84444-01E2-4B24-BA98-46FB2332C3A3}.Debug|Any CPU.Build.0 = Debug|Any CPU
		{ACF84444-01E2-4B24-BA98-46FB2332C3A3}.Release|Any CPU.ActiveCfg = Release|Any CPU
		{ACF84444-01E2-4B24-BA98-46FB2332C3A3}.Release|Any CPU.Build.0 = Release|Any CPU
		{D3EB909E-C698-433F-ACB2-0E42A3EE72DF}.Debug|Any CPU.ActiveCfg = Debug|Any CPU
		{D3EB909E-C698-433F-ACB2-0E42A3EE72DF}.Debug|Any CPU.Build.0 = Debug|Any CPU
		{D3EB909E-C698-433F-ACB2-0E42A3EE72DF}.Release|Any CPU.ActiveCfg = Release|Any CPU
		{D3EB909E-C698-433F-ACB2-0E42A3EE72DF}.Release|Any CPU.Build.0 = Release|Any CPU
	EndGlobalSection
	GlobalSection(SolutionProperties) = preSolution
		HideSolutionNode = FALSE
	EndGlobalSection
	GlobalSection(ExtensibilityGlobals) = postSolution
		SolutionGuid = {F8D6F74C-BC42-43D1-9792-745CF5614E06}
	EndGlobalSection
EndGlobal
